
Microsoft Visual Studio Solution File, Format Version 12.00
Project("{FAE04EC0-301F-11D3-BF4B-00C04F79EFBC}") = "TaskManager", "TaskManager\TaskManager.csproj", "{4AC2B717-840A-48BC-88EF-60D7C42D0FEE}"
EndProject
Project("{2150E333-8FDC-42A3-9474-1A3956D46DE8}") = "Solution Items", "Solution Items", "{82E85442-AC2F-4888-A597-4685BB9EF677}"
	ProjectSection(SolutionItems) = preProject
		compose.yaml = compose.yaml
	EndProjectSection
EndProject
Global
	GlobalSection(SolutionConfigurationPlatforms) = preSolution
		Debug|Any CPU = Debug|Any CPU
		Release|Any CPU = Release|Any CPU
	EndGlobalSection
	GlobalSection(ProjectConfigurationPlatforms) = postSolution
		{4AC2B717-840A-48BC-88EF-60D7C42D0FEE}.Debug|Any CPU.ActiveCfg = Debug|Any CPU
		{4AC2B717-840A-48BC-88EF-60D7C42D0FEE}.Debug|Any CPU.Build.0 = Debug|Any CPU
		{4AC2B717-840A-48BC-88EF-60D7C42D0FEE}.Release|Any CPU.ActiveCfg = Release|Any CPU
		{4AC2B717-840A-48BC-88EF-60D7C42D0FEE}.Release|Any CPU.Build.0 = Release|Any CPU
	EndGlobalSection
EndGlobal
